
Microsoft Visual Studio Solution File, Format Version 12.00
# Visual Studio Version 16
VisualStudioVersion = 16.0.31005.135
MinimumVisualStudioVersion = 10.0.40219.1
Project("{FAE04EC0-301F-11D3-BF4B-00C04F79EFBC}") = "LaboratorioProgamacion1", "LaboratorioProgamacion1\LaboratorioProgamacion1.csproj", "{C9BEA8FA-7E01-4432-B7DC-19CD601ECF50}"
EndProject
Global
	GlobalSection(SolutionConfigurationPlatforms) = preSolution
		Debug|Any CPU = Debug|Any CPU
		Release|Any CPU = Release|Any CPU
	EndGlobalSection
	GlobalSection(ProjectConfigurationPlatforms) = postSolution
		{C9BEA8FA-7E01-4432-B7DC-19CD601ECF50}.Debug|Any CPU.ActiveCfg = Debug|Any CPU
		{C9BEA8FA-7E01-4432-B7DC-19CD601ECF50}.Debug|Any CPU.Build.0 = Debug|Any CPU
		{C9BEA8FA-7E01-4432-B7DC-19CD601ECF50}.Release|Any CPU.ActiveCfg = Release|Any CPU
		{C9BEA8FA-7E01-4432-B7DC-19CD601ECF50}.Release|Any CPU.Build.0 = Release|Any CPU
	EndGlobalSection
	GlobalSection(SolutionProperties) = preSolution
		HideSolutionNode = FALSE
	EndGlobalSection
	GlobalSection(ExtensibilityGlobals) = postSolution
		SolutionGuid = {8DDFF897-7E2D-4ED9-864A-96D457E2560D}
	EndGlobalSection
EndGlobal
