
Microsoft Visual Studio Solution File, Format Version 12.00
# Visual Studio Version 16
VisualStudioVersion = 16.0.31005.135
MinimumVisualStudioVersion = 10.0.40219.1
Project("{FAE04EC0-301F-11D3-BF4B-00C04F79EFBC}") = "LaboratorioProgramacion1", "LaboratorioProgramacion1\LaboratorioProgramacion1.csproj", "{EC607DC2-22D5-4A64-8E6D-07DCA69BB3CF}"
EndProject
Global
	GlobalSection(SolutionConfigurationPlatforms) = preSolution
		Debug|Any CPU = Debug|Any CPU
		Release|Any CPU = Release|Any CPU
	EndGlobalSection
	GlobalSection(ProjectConfigurationPlatforms) = postSolution
		{EC607DC2-22D5-4A64-8E6D-07DCA69BB3CF}.Debug|Any CPU.ActiveCfg = Debug|Any CPU
		{EC607DC2-22D5-4A64-8E6D-07DCA69BB3CF}.Debug|Any CPU.Build.0 = Debug|Any CPU
		{EC607DC2-22D5-4A64-8E6D-07DCA69BB3CF}.Release|Any CPU.ActiveCfg = Release|Any CPU
		{EC607DC2-22D5-4A64-8E6D-07DCA69BB3CF}.Release|Any CPU.Build.0 = Release|Any CPU
	EndGlobalSection
	GlobalSection(SolutionProperties) = preSolution
		HideSolutionNode = FALSE
	EndGlobalSection
	GlobalSection(ExtensibilityGlobals) = postSolution
		SolutionGuid = {35C1FA5C-38D0-4584-B3AB-0B34FBB2080B}
	EndGlobalSection
EndGlobal
